
Microsoft Visual Studio Solution File, Format Version 12.00
# Visual Studio Version 17
VisualStudioVersion = 17.1.32210.238
MinimumVisualStudioVersion = 10.0.40219.1
Project("{FAE04EC0-301F-11D3-BF4B-00C04F79EFBC}") = "MagicEightBallServiceLib", "WCFClassLibrary\MagicEightBallServiceLib.csproj", "{52327F92-4545-42FD-999B-B3A52E54556F}"
EndProject
Project("{FAE04EC0-301F-11D3-BF4B-00C04F79EFBC}") = "MagicEightBallServiceHost", "MagicEightBallServiceHost\MagicEightBallServiceHost.csproj", "{DD3E804E-2123-4806-B09E-6EA8EAB4B6E5}"
EndProject
Project("{FAE04EC0-301F-11D3-BF4B-00C04F79EFBC}") = "MagicEightBallServiceClient", "MagicEightBallServiceClient\MagicEightBallServiceClient.csproj", "{5D698F72-0C17-4584-A724-6F95D7CEAC0F}"
EndProject
Project("{FAE04EC0-301F-11D3-BF4B-00C04F79EFBC}") = "MagicEightBallServiceVSToolClient", "MagicEightBallServiceVSToolClient\MagicEightBallServiceVSToolClient.csproj", "{3DB7D679-DF13-4FA1-A626-7B8980C504D7}"
EndProject
Global
	GlobalSection(SolutionConfigurationPlatforms) = preSolution
		Debug|Any CPU = Debug|Any CPU
		Release|Any CPU = Release|Any CPU
	EndGlobalSection
	GlobalSection(ProjectConfigurationPlatforms) = postSolution
		{52327F92-4545-42FD-999B-B3A52E54556F}.Debug|Any CPU.ActiveCfg = Debug|Any CPU
		{52327F92-4545-42FD-999B-B3A52E54556F}.Debug|Any CPU.Build.0 = Debug|Any CPU
		{52327F92-4545-42FD-999B-B3A52E54556F}.Release|Any CPU.ActiveCfg = Release|Any CPU
		{52327F92-4545-42FD-999B-B3A52E54556F}.Release|Any CPU.Build.0 = Release|Any CPU
		{DD3E804E-2123-4806-B09E-6EA8EAB4B6E5}.Debug|Any CPU.ActiveCfg = Debug|Any CPU
		{DD3E804E-2123-4806-B09E-6EA8EAB4B6E5}.Debug|Any CPU.Build.0 = Debug|Any CPU
		{DD3E804E-2123-4806-B09E-6EA8EAB4B6E5}.Release|Any CPU.ActiveCfg = Release|Any CPU
		{DD3E804E-2123-4806-B09E-6EA8EAB4B6E5}.Release|Any CPU.Build.0 = Release|Any CPU
		{5D698F72-0C17-4584-A724-6F95D7CEAC0F}.Debug|Any CPU.ActiveCfg = Debug|Any CPU
		{5D698F72-0C17-4584-A724-6F95D7CEAC0F}.Debug|Any CPU.Build.0 = Debug|Any CPU
		{5D698F72-0C17-4584-A724-6F95D7CEAC0F}.Release|Any CPU.ActiveCfg = Release|Any CPU
		{5D698F72-0C17-4584-A724-6F95D7CEAC0F}.Release|Any CPU.Build.0 = Release|Any CPU
		{3DB7D679-DF13-4FA1-A626-7B8980C504D7}.Debug|Any CPU.ActiveCfg = Debug|Any CPU
		{3DB7D679-DF13-4FA1-A626-7B8980C504D7}.Debug|Any CPU.Build.0 = Debug|Any CPU
		{3DB7D679-DF13-4FA1-A626-7B8980C504D7}.Release|Any CPU.ActiveCfg = Release|Any CPU
		{3DB7D679-DF13-4FA1-A626-7B8980C504D7}.Release|Any CPU.Build.0 = Release|Any CPU
	EndGlobalSection
	GlobalSection(SolutionProperties) = preSolution
		HideSolutionNode = FALSE
	EndGlobalSection
	GlobalSection(ExtensibilityGlobals) = postSolution
		SolutionGuid = {1EE2B2FC-218E-4F2F-85F6-6E0BB62B614F}
	EndGlobalSection
EndGlobal
